
Microsoft Visual Studio Solution File, Format Version 12.00
# Visual Studio Version 17
VisualStudioVersion = 17.3.32519.111
MinimumVisualStudioVersion = 10.0.40219.1
Project("{FAE04EC0-301F-11D3-BF4B-00C04F79EFBC}") = "VendaDeCarroEstudo", "VendaDeCarroEstudo\VendaDeCarroEstudo.csproj", "{950C04F9-6D16-4C08-81D9-087168AF9653}"
EndProject
Global
	GlobalSection(SolutionConfigurationPlatforms) = preSolution
		Debug|Any CPU = Debug|Any CPU
		Release|Any CPU = Release|Any CPU
	EndGlobalSection
	GlobalSection(ProjectConfigurationPlatforms) = postSolution
		{950C04F9-6D16-4C08-81D9-087168AF9653}.Debug|Any CPU.ActiveCfg = Debug|Any CPU
		{950C04F9-6D16-4C08-81D9-087168AF9653}.Debug|Any CPU.Build.0 = Debug|Any CPU
		{950C04F9-6D16-4C08-81D9-087168AF9653}.Release|Any CPU.ActiveCfg = Release|Any CPU
		{950C04F9-6D16-4C08-81D9-087168AF9653}.Release|Any CPU.Build.0 = Release|Any CPU
	EndGlobalSection
	GlobalSection(SolutionProperties) = preSolution
		HideSolutionNode = FALSE
	EndGlobalSection
	GlobalSection(ExtensibilityGlobals) = postSolution
		SolutionGuid = {EBBB673D-0617-4A6F-AFB3-130DEC86F64D}
	EndGlobalSection
EndGlobal
